{
  "name": "test-project",
  "version": "1.0.0",
  "lockfileVersion": 3,
  "packages": {
    "": {
      "name": "test-project",
      "version": "1.0.0"
    },
    "node_modules/chalk": {
      "version": "5.3.0"
    },
    "node_modules/commander": {
      "version": "11.0.0"
    },
    "node_modules/@types/node": {
      "version": "20.0.0"
    }
  }
}
