# Generated by pub
# See https://dart.dev/tools/pub/glossary#lockfile
packages:
  async:
    dependency: transitive
    description:
      name: async
      sha256: "947bfcf187f74dbc5e146c9eb9c0f10c9f8b30743e341481c1e2ed3ecc18c20c"
      url: "https://pub.dev"
    source: hosted
    version: "2.11.0"
  collection:
    dependency: transitive
    description:
      name: collection
      sha256: "f092b211a4319e98e5ff58223576de6c2803db36c729f83dae88b0c9af0cd51a"
      url: "https://pub.dev"
    source: hosted
    version: "1.18.0"
  cupertino_icons:
    dependency: "direct main"
    description:
      name: cupertino_icons
      sha256: "ba631d1c7f7bef6b729a622b7b752519a9dce43e3e3c3e3e3c0f0e0c3e3d3c3b"
      url: "https://pub.dev"
    source: hosted
    version: "1.0.6"
  flutter:
    dependency: "direct main"
    description: flutter
    source: sdk
    version: "0.0.0"
  flutter_test:
    dependency: "direct dev"
    description: flutter
    source: sdk
    version: "0.0.0"
  http:
    dependency: "direct main"
    description:
      name: http
      sha256: "a2bbf9d017fcced29139daa8ed2bba4ece450ab222871df93ab9ca265c685e93"
      url: "https://pub.dev"
    source: hosted
    version: "1.2.0"
  http_parser:
    dependency: transitive
    description:
      name: http_parser
      sha256: "2aa08f0b1574b3e2a7f5b3e1bc733cec60f29b1c5f7f7e2b2c2b3d3e4f5a6b7"
      url: "https://pub.dev"
    source: hosted
    version: "4.0.2"
  json_annotation:
    dependency: "direct main"
    description:
      name: json_annotation
      sha256: "b10a7b2ff83d83c777edba3c6a0f97045693a27c5c5a47a8e5b6c07e8c5d5e5f"
      url: "https://pub.dev"
    source: hosted
    version: "4.8.1"
  matcher:
    dependency: transitive
    description:
      name: matcher
      sha256: "d2323aa2060500f906b05d2ff6c7d3e32b81a6a4e8e3e3f3c3d3e3f3c3d3e3f3"
      url: "https://pub.dev"
    source: hosted
    version: "0.12.16"
  meta:
    dependency: transitive
    description:
      name: meta
      sha256: "a1a1a2b2c3c4d4e5e6f6a7a8b8c9d0e1f1a2b3c4d5e6f7a8b9c0d1e2f3a4b5"
      url: "https://pub.dev"
    source: hosted
    version: "1.11.0"
  path:
    dependency: transitive
    description:
      name: path
      sha256: "087ce4be1fbe1c4f4f1a39e1c7b8e4e4e4e4e4e4e4e4e4e4e4e4e4e4e4e4e4"
      url: "https://pub.dev"
    source: hosted
    version: "1.9.0"
  provider:
    dependency: "direct main"
    description:
      name: provider
      sha256: "c3c3c3c3c3c3c3c3c3c3c3c3c3c3c3c3c3c3c3c3c3c3c3c3c3c3c3c3c3c3c3"
      url: "https://pub.dev"
    source: hosted
    version: "6.1.1"
  my_local_pkg:
    dependency: "direct main"
    description:
      path: "../my_local_pkg"
      relative: true
    source: path
    version: "1.0.0"
  my_git_dep:
    dependency: "direct main"
    description:
      path: "."
      ref: main
      resolved-ref: abc123def456
      url: "https://github.com/user/repo.git"
    source: git
    version: "2.0.0"
sdks:
  dart: ">=3.2.0 <4.0.0"
  flutter: ">=3.16.0"
